
Microsoft Visual Studio Solution File, Format Version 12.00
# Visual Studio Version 17
VisualStudioVersion = 17.0.31903.59
MinimumVisualStudioVersion = 10.0.40219.1
Project("{2150E333-8FDC-42A3-9474-1A3956D46DE8}") = "src", "src", "{827E0CD3-B72D-47B6-A68D-7590B98EB39B}"
EndProject
Project("{2150E333-8FDC-42A3-9474-1A3956D46DE8}") = "core", "core", "{8D626EA8-CB54-BC41-363A-217881BEBA6E}"
EndProject
Project("{FAE04EC0-301F-11D3-BF4B-00C04F79EFBC}") = "RawPrj.Domain", "src\core\RawPrj.Domain\RawPrj.Domain.csproj", "{15C49922-DC1B-4030-8438-AFB45E6AD7A7}"
EndProject
Project("{FAE04EC0-301F-11D3-BF4B-00C04F79EFBC}") = "RawPrj.Application", "src\core\RawPrj.Application\RawPrj.Application.csproj", "{3E08C049-7B1B-4153-B527-03C60822A5C2}"
EndProject
Project("{2150E333-8FDC-42A3-9474-1A3956D46DE8}") = "infrastructure", "infrastructure", "{9048EB7F-3875-A59E-E36B-5BD4C6F2A282}"
EndProject
Project("{FAE04EC0-301F-11D3-BF4B-00C04F79EFBC}") = "RawPrj.Data", "src\infrastructure\RawPrj.Data\RawPrj.Data.csproj", "{5E55F0DF-3EE7-4D25-90BC-0955F00B047C}"
EndProject
Project("{FAE04EC0-301F-11D3-BF4B-00C04F79EFBC}") = "RawPrj.Shared", "src\infrastructure\RawPrj.Shared\RawPrj.Shared.csproj", "{3C2C8A2E-7B20-4EB9-9AC2-C1C7C66B3F3B}"
EndProject
Project("{2150E333-8FDC-42A3-9474-1A3956D46DE8}") = "presentation", "presentation", "{6996BBF7-DB31-59BC-C7DD-9A7CCC6138C4}"
EndProject
Project("{FAE04EC0-301F-11D3-BF4B-00C04F79EFBC}") = "RawPrj.WebApi", "src\presentation\RawPrj.WebApi\RawPrj.WebApi.csproj", "{2E313354-B8BA-4488-AB25-636C307FD475}"
EndProject
Global
	GlobalSection(SolutionConfigurationPlatforms) = preSolution
		Debug|Any CPU = Debug|Any CPU
		Debug|x64 = Debug|x64
		Debug|x86 = Debug|x86
		Release|Any CPU = Release|Any CPU
		Release|x64 = Release|x64
		Release|x86 = Release|x86
	EndGlobalSection
	GlobalSection(ProjectConfigurationPlatforms) = postSolution
		{15C49922-DC1B-4030-8438-AFB45E6AD7A7}.Debug|Any CPU.ActiveCfg = Debug|Any CPU
		{15C49922-DC1B-4030-8438-AFB45E6AD7A7}.Debug|Any CPU.Build.0 = Debug|Any CPU
		{15C49922-DC1B-4030-8438-AFB45E6AD7A7}.Debug|x64.ActiveCfg = Debug|Any CPU
		{15C49922-DC1B-4030-8438-AFB45E6AD7A7}.Debug|x64.Build.0 = Debug|Any CPU
		{15C49922-DC1B-4030-8438-AFB45E6AD7A7}.Debug|x86.ActiveCfg = Debug|Any CPU
		{15C49922-DC1B-4030-8438-AFB45E6AD7A7}.Debug|x86.Build.0 = Debug|Any CPU
		{15C49922-DC1B-4030-8438-AFB45E6AD7A7}.Release|Any CPU.ActiveCfg = Release|Any CPU
		{15C49922-DC1B-4030-8438-AFB45E6AD7A7}.Release|Any CPU.Build.0 = Release|Any CPU
		{15C49922-DC1B-4030-8438-AFB45E6AD7A7}.Release|x64.ActiveCfg = Release|Any CPU
		{15C49922-DC1B-4030-8438-AFB45E6AD7A7}.Release|x64.Build.0 = Release|Any CPU
		{15C49922-DC1B-4030-8438-AFB45E6AD7A7}.Release|x86.ActiveCfg = Release|Any CPU
		{15C49922-DC1B-4030-8438-AFB45E6AD7A7}.Release|x86.Build.0 = Release|Any CPU
		{3E08C049-7B1B-4153-B527-03C60822A5C2}.Debug|Any CPU.ActiveCfg = Debug|Any CPU
		{3E08C049-7B1B-4153-B527-03C60822A5C2}.Debug|Any CPU.Build.0 = Debug|Any CPU
		{3E08C049-7B1B-4153-B527-03C60822A5C2}.Debug|x64.ActiveCfg = Debug|Any CPU
		{3E08C049-7B1B-4153-B527-03C60822A5C2}.Debug|x64.Build.0 = Debug|Any CPU
		{3E08C049-7B1B-4153-B527-03C60822A5C2}.Debug|x86.ActiveCfg = Debug|Any CPU
		{3E08C049-7B1B-4153-B527-03C60822A5C2}.Debug|x86.Build.0 = Debug|Any CPU
		{3E08C049-7B1B-4153-B527-03C60822A5C2}.Release|Any CPU.ActiveCfg = Release|Any CPU
		{3E08C049-7B1B-4153-B527-03C60822A5C2}.Release|Any CPU.Build.0 = Release|Any CPU
		{3E08C049-7B1B-4153-B527-03C60822A5C2}.Release|x64.ActiveCfg = Release|Any CPU
		{3E08C049-7B1B-4153-B527-03C60822A5C2}.Release|x64.Build.0 = Release|Any CPU
		{3E08C049-7B1B-4153-B527-03C60822A5C2}.Release|x86.ActiveCfg = Release|Any CPU
		{3E08C049-7B1B-4153-B527-03C60822A5C2}.Release|x86.Build.0 = Release|Any CPU
		{5E55F0DF-3EE7-4D25-90BC-0955F00B047C}.Debug|Any CPU.ActiveCfg = Debug|Any CPU
		{5E55F0DF-3EE7-4D25-90BC-0955F00B047C}.Debug|Any CPU.Build.0 = Debug|Any CPU
		{5E55F0DF-3EE7-4D25-90BC-0955F00B047C}.Debug|x64.ActiveCfg = Debug|Any CPU
		{5E55F0DF-3EE7-4D25-90BC-0955F00B047C}.Debug|x64.Build.0 = Debug|Any CPU
		{5E55F0DF-3EE7-4D25-90BC-0955F00B047C}.Debug|x86.ActiveCfg = Debug|Any CPU
		{5E55F0DF-3EE7-4D25-90BC-0955F00B047C}.Debug|x86.Build.0 = Debug|Any CPU
		{5E55F0DF-3EE7-4D25-90BC-0955F00B047C}.Release|Any CPU.ActiveCfg = Release|Any CPU
		{5E55F0DF-3EE7-4D25-90BC-0955F00B047C}.Release|Any CPU.Build.0 = Release|Any CPU
		{5E55F0DF-3EE7-4D25-90BC-0955F00B047C}.Release|x64.ActiveCfg = Release|Any CPU
		{5E55F0DF-3EE7-4D25-90BC-0955F00B047C}.Release|x64.Build.0 = Release|Any CPU
		{5E55F0DF-3EE7-4D25-90BC-0955F00B047C}.Release|x86.ActiveCfg = Release|Any CPU
		{5E55F0DF-3EE7-4D25-90BC-0955F00B047C}.Release|x86.Build.0 = Release|Any CPU
		{3C2C8A2E-7B20-4EB9-9AC2-C1C7C66B3F3B}.Debug|Any CPU.ActiveCfg = Debug|Any CPU
		{3C2C8A2E-7B20-4EB9-9AC2-C1C7C66B3F3B}.Debug|Any CPU.Build.0 = Debug|Any CPU
		{3C2C8A2E-7B20-4EB9-9AC2-C1C7C66B3F3B}.Debug|x64.ActiveCfg = Debug|Any CPU
		{3C2C8A2E-7B20-4EB9-9AC2-C1C7C66B3F3B}.Debug|x64.Build.0 = Debug|Any CPU
		{3C2C8A2E-7B20-4EB9-9AC2-C1C7C66B3F3B}.Debug|x86.ActiveCfg = Debug|Any CPU
		{3C2C8A2E-7B20-4EB9-9AC2-C1C7C66B3F3B}.Debug|x86.Build.0 = Debug|Any CPU
		{3C2C8A2E-7B20-4EB9-9AC2-C1C7C66B3F3B}.Release|Any CPU.ActiveCfg = Release|Any CPU
		{3C2C8A2E-7B20-4EB9-9AC2-C1C7C66B3F3B}.Release|Any CPU.Build.0 = Release|Any CPU
		{3C2C8A2E-7B20-4EB9-9AC2-C1C7C66B3F3B}.Release|x64.ActiveCfg = Release|Any CPU
		{3C2C8A2E-7B20-4EB9-9AC2-C1C7C66B3F3B}.Release|x64.Build.0 = Release|Any CPU
		{3C2C8A2E-7B20-4EB9-9AC2-C1C7C66B3F3B}.Release|x86.ActiveCfg = Release|Any CPU
		{3C2C8A2E-7B20-4EB9-9AC2-C1C7C66B3F3B}.Release|x86.Build.0 = Release|Any CPU
		{2E313354-B8BA-4488-AB25-636C307FD475}.Debug|Any CPU.ActiveCfg = Debug|Any CPU
		{2E313354-B8BA-4488-AB25-636C307FD475}.Debug|Any CPU.Build.0 = Debug|Any CPU
		{2E313354-B8BA-4488-AB25-636C307FD475}.Debug|x64.ActiveCfg = Debug|Any CPU
		{2E313354-B8BA-4488-AB25-636C307FD475}.Debug|x64.Build.0 = Debug|Any CPU
		{2E313354-B8BA-4488-AB25-636C307FD475}.Debug|x86.ActiveCfg = Debug|Any CPU
		{2E313354-B8BA-4488-AB25-636C307FD475}.Debug|x86.Build.0 = Debug|Any CPU
		{2E313354-B8BA-4488-AB25-636C307FD475}.Release|Any CPU.ActiveCfg = Release|Any CPU
		{2E313354-B8BA-4488-AB25-636C307FD475}.Release|Any CPU.Build.0 = Release|Any CPU
		{2E313354-B8BA-4488-AB25-636C307FD475}.Release|x64.ActiveCfg = Release|Any CPU
		{2E313354-B8BA-4488-AB25-636C307FD475}.Release|x64.Build.0 = Release|Any CPU
		{2E313354-B8BA-4488-AB25-636C307FD475}.Release|x86.ActiveCfg = Release|Any CPU
		{2E313354-B8BA-4488-AB25-636C307FD475}.Release|x86.Build.0 = Release|Any CPU
	EndGlobalSection
	GlobalSection(SolutionProperties) = preSolution
		HideSolutionNode = FALSE
	EndGlobalSection
	GlobalSection(NestedProjects) = preSolution
		{8D626EA8-CB54-BC41-363A-217881BEBA6E} = {827E0CD3-B72D-47B6-A68D-7590B98EB39B}
		{15C49922-DC1B-4030-8438-AFB45E6AD7A7} = {8D626EA8-CB54-BC41-363A-217881BEBA6E}
		{3E08C049-7B1B-4153-B527-03C60822A5C2} = {8D626EA8-CB54-BC41-363A-217881BEBA6E}
		{9048EB7F-3875-A59E-E36B-5BD4C6F2A282} = {827E0CD3-B72D-47B6-A68D-7590B98EB39B}
		{5E55F0DF-3EE7-4D25-90BC-0955F00B047C} = {9048EB7F-3875-A59E-E36B-5BD4C6F2A282}
		{3C2C8A2E-7B20-4EB9-9AC2-C1C7C66B3F3B} = {9048EB7F-3875-A59E-E36B-5BD4C6F2A282}
		{6996BBF7-DB31-59BC-C7DD-9A7CCC6138C4} = {827E0CD3-B72D-47B6-A68D-7590B98EB39B}
		{2E313354-B8BA-4488-AB25-636C307FD475} = {6996BBF7-DB31-59BC-C7DD-9A7CCC6138C4}
	EndGlobalSection
EndGlobal
